
Microsoft Visual Studio Solution File, Format Version 12.00
# Visual Studio Version 17
VisualStudioVersion = 17.0.31903.59
MinimumVisualStudioVersion = 10.0.40219.1
Project("{FAE04EC0-301F-11D3-BF4B-00C04F79EFBC}") = "aula_1908_OO", "aula_1908_OO\aula_1908_OO.csproj", "{3DABFE75-7E00-471F-B760-908D0D0FBAAF}"
EndProject
Project("{2150E333-8FDC-42A3-9474-1A3956D46DE8}") = "ListaDeExerciciosC#", "ListaDeExerciciosC#", "{07DDA6E7-8596-7476-53AF-46C4C660F332}"
EndProject
Project("{FAE04EC0-301F-11D3-BF4B-00C04F79EFBC}") = "EX1", "ListaDeExerciciosC#\EX1\EX1.csproj", "{20916FD1-23DD-49A0-AEC0-B4F629406E13}"
EndProject
Project("{FAE04EC0-301F-11D3-BF4B-00C04F79EFBC}") = "EX2", "ListaDeExerciciosC#\EX2\EX2.csproj", "{E6FF4FD4-6BCF-44D8-9685-682C6F6F3300}"
EndProject
Project("{FAE04EC0-301F-11D3-BF4B-00C04F79EFBC}") = "EX3", "ListaDeExerciciosC#\EX3\EX3.csproj", "{5C22DDD3-AD03-46CF-BCFC-66815F1CD3C6}"
EndProject
Project("{FAE04EC0-301F-11D3-BF4B-00C04F79EFBC}") = "EX4", "ListaDeExerciciosC#\EX4\EX4.csproj", "{9A065331-B68F-4709-B0BE-C1F50648FD98}"
EndProject
Project("{FAE04EC0-301F-11D3-BF4B-00C04F79EFBC}") = "EX5", "ListaDeExerciciosC#\EX5\EX5.csproj", "{3E8C2E69-46F9-4910-BB9B-D192645449C0}"
EndProject
Project("{FAE04EC0-301F-11D3-BF4B-00C04F79EFBC}") = "EX6", "ListaDeExerciciosC#\EX6\EX6.csproj", "{A6D4C1C1-8B3C-4A91-B2E0-91F2DD2DE69F}"
EndProject
Project("{FAE04EC0-301F-11D3-BF4B-00C04F79EFBC}") = "EX7", "ListaDeExerciciosC#\EX7\EX7.csproj", "{F8855E3D-D7A4-4DAC-99BE-5B570A6C3ADA}"
EndProject
Project("{FAE04EC0-301F-11D3-BF4B-00C04F79EFBC}") = "EX8", "ListaDeExerciciosC#\EX8\EX8.csproj", "{AB7AF8F9-0DA2-4A04-B9A2-29287CBA41DE}"
EndProject
Project("{FAE04EC0-301F-11D3-BF4B-00C04F79EFBC}") = "EX9", "ListaDeExerciciosC#\EX9\EX9.csproj", "{6A02BA1C-41E7-4C45-BE64-75A317F45BAD}"
EndProject
Project("{FAE04EC0-301F-11D3-BF4B-00C04F79EFBC}") = "EX12", "ListaDeExerciciosC#\EX12\EX12.csproj", "{02795DF4-02E5-45B4-B566-53DF4488B085}"
EndProject
Global
	GlobalSection(SolutionConfigurationPlatforms) = preSolution
		Debug|Any CPU = Debug|Any CPU
		Debug|x64 = Debug|x64
		Debug|x86 = Debug|x86
		Release|Any CPU = Release|Any CPU
		Release|x64 = Release|x64
		Release|x86 = Release|x86
	EndGlobalSection
	GlobalSection(ProjectConfigurationPlatforms) = postSolution
		{3DABFE75-7E00-471F-B760-908D0D0FBAAF}.Debug|Any CPU.ActiveCfg = Debug|Any CPU
		{3DABFE75-7E00-471F-B760-908D0D0FBAAF}.Debug|Any CPU.Build.0 = Debug|Any CPU
		{3DABFE75-7E00-471F-B760-908D0D0FBAAF}.Debug|x64.ActiveCfg = Debug|Any CPU
		{3DABFE75-7E00-471F-B760-908D0D0FBAAF}.Debug|x64.Build.0 = Debug|Any CPU
		{3DABFE75-7E00-471F-B760-908D0D0FBAAF}.Debug|x86.ActiveCfg = Debug|Any CPU
		{3DABFE75-7E00-471F-B760-908D0D0FBAAF}.Debug|x86.Build.0 = Debug|Any CPU
		{3DABFE75-7E00-471F-B760-908D0D0FBAAF}.Release|Any CPU.ActiveCfg = Release|Any CPU
		{3DABFE75-7E00-471F-B760-908D0D0FBAAF}.Release|Any CPU.Build.0 = Release|Any CPU
		{3DABFE75-7E00-471F-B760-908D0D0FBAAF}.Release|x64.ActiveCfg = Release|Any CPU
		{3DABFE75-7E00-471F-B760-908D0D0FBAAF}.Release|x64.Build.0 = Release|Any CPU
		{3DABFE75-7E00-471F-B760-908D0D0FBAAF}.Release|x86.ActiveCfg = Release|Any CPU
		{3DABFE75-7E00-471F-B760-908D0D0FBAAF}.Release|x86.Build.0 = Release|Any CPU
		{20916FD1-23DD-49A0-AEC0-B4F629406E13}.Debug|Any CPU.ActiveCfg = Debug|Any CPU
		{20916FD1-23DD-49A0-AEC0-B4F629406E13}.Debug|Any CPU.Build.0 = Debug|Any CPU
		{20916FD1-23DD-49A0-AEC0-B4F629406E13}.Debug|x64.ActiveCfg = Debug|Any CPU
		{20916FD1-23DD-49A0-AEC0-B4F629406E13}.Debug|x64.Build.0 = Debug|Any CPU
		{20916FD1-23DD-49A0-AEC0-B4F629406E13}.Debug|x86.ActiveCfg = Debug|Any CPU
		{20916FD1-23DD-49A0-AEC0-B4F629406E13}.Debug|x86.Build.0 = Debug|Any CPU
		{20916FD1-23DD-49A0-AEC0-B4F629406E13}.Release|Any CPU.ActiveCfg = Release|Any CPU
		{20916FD1-23DD-49A0-AEC0-B4F629406E13}.Release|Any CPU.Build.0 = Release|Any CPU
		{20916FD1-23DD-49A0-AEC0-B4F629406E13}.Release|x64.ActiveCfg = Release|Any CPU
		{20916FD1-23DD-49A0-AEC0-B4F629406E13}.Release|x64.Build.0 = Release|Any CPU
		{20916FD1-23DD-49A0-AEC0-B4F629406E13}.Release|x86.ActiveCfg = Release|Any CPU
		{20916FD1-23DD-49A0-AEC0-B4F629406E13}.Release|x86.Build.0 = Release|Any CPU
		{E6FF4FD4-6BCF-44D8-9685-682C6F6F3300}.Debug|Any CPU.ActiveCfg = Debug|Any CPU
		{E6FF4FD4-6BCF-44D8-9685-682C6F6F3300}.Debug|Any CPU.Build.0 = Debug|Any CPU
		{E6FF4FD4-6BCF-44D8-9685-682C6F6F3300}.Debug|x64.ActiveCfg = Debug|Any CPU
		{E6FF4FD4-6BCF-44D8-9685-682C6F6F3300}.Debug|x64.Build.0 = Debug|Any CPU
		{E6FF4FD4-6BCF-44D8-9685-682C6F6F3300}.Debug|x86.ActiveCfg = Debug|Any CPU
		{E6FF4FD4-6BCF-44D8-9685-682C6F6F3300}.Debug|x86.Build.0 = Debug|Any CPU
		{E6FF4FD4-6BCF-44D8-9685-682C6F6F3300}.Release|Any CPU.ActiveCfg = Release|Any CPU
		{E6FF4FD4-6BCF-44D8-9685-682C6F6F3300}.Release|Any CPU.Build.0 = Release|Any CPU
		{E6FF4FD4-6BCF-44D8-9685-682C6F6F3300}.Release|x64.ActiveCfg = Release|Any CPU
		{E6FF4FD4-6BCF-44D8-9685-682C6F6F3300}.Release|x64.Build.0 = Release|Any CPU
		{E6FF4FD4-6BCF-44D8-9685-682C6F6F3300}.Release|x86.ActiveCfg = Release|Any CPU
		{E6FF4FD4-6BCF-44D8-9685-682C6F6F3300}.Release|x86.Build.0 = Release|Any CPU
		{5C22DDD3-AD03-46CF-BCFC-66815F1CD3C6}.Debug|Any CPU.ActiveCfg = Debug|Any CPU
		{5C22DDD3-AD03-46CF-BCFC-66815F1CD3C6}.Debug|Any CPU.Build.0 = Debug|Any CPU
		{5C22DDD3-AD03-46CF-BCFC-66815F1CD3C6}.Debug|x64.ActiveCfg = Debug|Any CPU
		{5C22DDD3-AD03-46CF-BCFC-66815F1CD3C6}.Debug|x64.Build.0 = Debug|Any CPU
		{5C22DDD3-AD03-46CF-BCFC-66815F1CD3C6}.Debug|x86.ActiveCfg = Debug|Any CPU
		{5C22DDD3-AD03-46CF-BCFC-66815F1CD3C6}.Debug|x86.Build.0 = Debug|Any CPU
		{5C22DDD3-AD03-46CF-BCFC-66815F1CD3C6}.Release|Any CPU.ActiveCfg = Release|Any CPU
		{5C22DDD3-AD03-46CF-BCFC-66815F1CD3C6}.Release|Any CPU.Build.0 = Release|Any CPU
		{5C22DDD3-AD03-46CF-BCFC-66815F1CD3C6}.Release|x64.ActiveCfg = Release|Any CPU
		{5C22DDD3-AD03-46CF-BCFC-66815F1CD3C6}.Release|x64.Build.0 = Release|Any CPU
		{5C22DDD3-AD03-46CF-BCFC-66815F1CD3C6}.Release|x86.ActiveCfg = Release|Any CPU
		{5C22DDD3-AD03-46CF-BCFC-66815F1CD3C6}.Release|x86.Build.0 = Release|Any CPU
		{9A065331-B68F-4709-B0BE-C1F50648FD98}.Debug|Any CPU.ActiveCfg = Debug|Any CPU
		{9A065331-B68F-4709-B0BE-C1F50648FD98}.Debug|Any CPU.Build.0 = Debug|Any CPU
		{9A065331-B68F-4709-B0BE-C1F50648FD98}.Debug|x64.ActiveCfg = Debug|Any CPU
		{9A065331-B68F-4709-B0BE-C1F50648FD98}.Debug|x64.Build.0 = Debug|Any CPU
		{9A065331-B68F-4709-B0BE-C1F50648FD98}.Debug|x86.ActiveCfg = Debug|Any CPU
		{9A065331-B68F-4709-B0BE-C1F50648FD98}.Debug|x86.Build.0 = Debug|Any CPU
		{9A065331-B68F-4709-B0BE-C1F50648FD98}.Release|Any CPU.ActiveCfg = Release|Any CPU
		{9A065331-B68F-4709-B0BE-C1F50648FD98}.Release|Any CPU.Build.0 = Release|Any CPU
		{9A065331-B68F-4709-B0BE-C1F50648FD98}.Release|x64.ActiveCfg = Release|Any CPU
		{9A065331-B68F-4709-B0BE-C1F50648FD98}.Release|x64.Build.0 = Release|Any CPU
		{9A065331-B68F-4709-B0BE-C1F50648FD98}.Release|x86.ActiveCfg = Release|Any CPU
		{9A065331-B68F-4709-B0BE-C1F50648FD98}.Release|x86.Build.0 = Release|Any CPU
		{3E8C2E69-46F9-4910-BB9B-D192645449C0}.Debug|Any CPU.ActiveCfg = Debug|Any CPU
		{3E8C2E69-46F9-4910-BB9B-D192645449C0}.Debug|Any CPU.Build.0 = Debug|Any CPU
		{3E8C2E69-46F9-4910-BB9B-D192645449C0}.Debug|x64.ActiveCfg = Debug|Any CPU
		{3E8C2E69-46F9-4910-BB9B-D192645449C0}.Debug|x64.Build.0 = Debug|Any CPU
		{3E8C2E69-46F9-4910-BB9B-D192645449C0}.Debug|x86.ActiveCfg = Debug|Any CPU
		{3E8C2E69-46F9-4910-BB9B-D192645449C0}.Debug|x86.Build.0 = Debug|Any CPU
		{3E8C2E69-46F9-4910-BB9B-D192645449C0}.Release|Any CPU.ActiveCfg = Release|Any CPU
		{3E8C2E69-46F9-4910-BB9B-D192645449C0}.Release|Any CPU.Build.0 = Release|Any CPU
		{3E8C2E69-46F9-4910-BB9B-D192645449C0}.Release|x64.ActiveCfg = Release|Any CPU
		{3E8C2E69-46F9-4910-BB9B-D192645449C0}.Release|x64.Build.0 = Release|Any CPU
		{3E8C2E69-46F9-4910-BB9B-D192645449C0}.Release|x86.ActiveCfg = Release|Any CPU
		{3E8C2E69-46F9-4910-BB9B-D192645449C0}.Release|x86.Build.0 = Release|Any CPU
		{A6D4C1C1-8B3C-4A91-B2E0-91F2DD2DE69F}.Debug|Any CPU.ActiveCfg = Debug|Any CPU
		{A6D4C1C1-8B3C-4A91-B2E0-91F2DD2DE69F}.Debug|Any CPU.Build.0 = Debug|Any CPU
		{A6D4C1C1-8B3C-4A91-B2E0-91F2DD2DE69F}.Debug|x64.ActiveCfg = Debug|Any CPU
		{A6D4C1C1-8B3C-4A91-B2E0-91F2DD2DE69F}.Debug|x64.Build.0 = Debug|Any CPU
		{A6D4C1C1-8B3C-4A91-B2E0-91F2DD2DE69F}.Debug|x86.ActiveCfg = Debug|Any CPU
		{A6D4C1C1-8B3C-4A91-B2E0-91F2DD2DE69F}.Debug|x86.Build.0 = Debug|Any CPU
		{A6D4C1C1-8B3C-4A91-B2E0-91F2DD2DE69F}.Release|Any CPU.ActiveCfg = Release|Any CPU
		{A6D4C1C1-8B3C-4A91-B2E0-91F2DD2DE69F}.Release|Any CPU.Build.0 = Release|Any CPU
		{A6D4C1C1-8B3C-4A91-B2E0-91F2DD2DE69F}.Release|x64.ActiveCfg = Release|Any CPU
		{A6D4C1C1-8B3C-4A91-B2E0-91F2DD2DE69F}.Release|x64.Build.0 = Release|Any CPU
		{A6D4C1C1-8B3C-4A91-B2E0-91F2DD2DE69F}.Release|x86.ActiveCfg = Release|Any CPU
		{A6D4C1C1-8B3C-4A91-B2E0-91F2DD2DE69F}.Release|x86.Build.0 = Release|Any CPU
		{F8855E3D-D7A4-4DAC-99BE-5B570A6C3ADA}.Debug|Any CPU.ActiveCfg = Debug|Any CPU
		{F8855E3D-D7A4-4DAC-99BE-5B570A6C3ADA}.Debug|Any CPU.Build.0 = Debug|Any CPU
		{F8855E3D-D7A4-4DAC-99BE-5B570A6C3ADA}.Debug|x64.ActiveCfg = Debug|Any CPU
		{F8855E3D-D7A4-4DAC-99BE-5B570A6C3ADA}.Debug|x64.Build.0 = Debug|Any CPU
		{F8855E3D-D7A4-4DAC-99BE-5B570A6C3ADA}.Debug|x86.ActiveCfg = Debug|Any CPU
		{F8855E3D-D7A4-4DAC-99BE-5B570A6C3ADA}.Debug|x86.Build.0 = Debug|Any CPU
		{F8855E3D-D7A4-4DAC-99BE-5B570A6C3ADA}.Release|Any CPU.ActiveCfg = Release|Any CPU
		{F8855E3D-D7A4-4DAC-99BE-5B570A6C3ADA}.Release|Any CPU.Build.0 = Release|Any CPU
		{F8855E3D-D7A4-4DAC-99BE-5B570A6C3ADA}.Release|x64.ActiveCfg = Release|Any CPU
		{F8855E3D-D7A4-4DAC-99BE-5B570A6C3ADA}.Release|x64.Build.0 = Release|Any CPU
		{F8855E3D-D7A4-4DAC-99BE-5B570A6C3ADA}.Release|x86.ActiveCfg = Release|Any CPU
		{F8855E3D-D7A4-4DAC-99BE-5B570A6C3ADA}.Release|x86.Build.0 = Release|Any CPU
		{AB7AF8F9-0DA2-4A04-B9A2-29287CBA41DE}.Debug|Any CPU.ActiveCfg = Debug|Any CPU
		{AB7AF8F9-0DA2-4A04-B9A2-29287CBA41DE}.Debug|Any CPU.Build.0 = Debug|Any CPU
		{AB7AF8F9-0DA2-4A04-B9A2-29287CBA41DE}.Debug|x64.ActiveCfg = Debug|Any CPU
		{AB7AF8F9-0DA2-4A04-B9A2-29287CBA41DE}.Debug|x64.Build.0 = Debug|Any CPU
		{AB7AF8F9-0DA2-4A04-B9A2-29287CBA41DE}.Debug|x86.ActiveCfg = Debug|Any CPU
		{AB7AF8F9-0DA2-4A04-B9A2-29287CBA41DE}.Debug|x86.Build.0 = Debug|Any CPU
		{AB7AF8F9-0DA2-4A04-B9A2-29287CBA41DE}.Release|Any CPU.ActiveCfg = Release|Any CPU
		{AB7AF8F9-0DA2-4A04-B9A2-29287CBA41DE}.Release|Any CPU.Build.0 = Release|Any CPU
		{AB7AF8F9-0DA2-4A04-B9A2-29287CBA41DE}.Release|x64.ActiveCfg = Release|Any CPU
		{AB7AF8F9-0DA2-4A04-B9A2-29287CBA41DE}.Release|x64.Build.0 = Release|Any CPU
		{AB7AF8F9-0DA2-4A04-B9A2-29287CBA41DE}.Release|x86.ActiveCfg = Release|Any CPU
		{AB7AF8F9-0DA2-4A04-B9A2-29287CBA41DE}.Release|x86.Build.0 = Release|Any CPU
		{6A02BA1C-41E7-4C45-BE64-75A317F45BAD}.Debug|Any CPU.ActiveCfg = Debug|Any CPU
		{6A02BA1C-41E7-4C45-BE64-75A317F45BAD}.Debug|Any CPU.Build.0 = Debug|Any CPU
		{6A02BA1C-41E7-4C45-BE64-75A317F45BAD}.Debug|x64.ActiveCfg = Debug|Any CPU
		{6A02BA1C-41E7-4C45-BE64-75A317F45BAD}.Debug|x64.Build.0 = Debug|Any CPU
		{6A02BA1C-41E7-4C45-BE64-75A317F45BAD}.Debug|x86.ActiveCfg = Debug|Any CPU
		{6A02BA1C-41E7-4C45-BE64-75A317F45BAD}.Debug|x86.Build.0 = Debug|Any CPU
		{6A02BA1C-41E7-4C45-BE64-75A317F45BAD}.Release|Any CPU.ActiveCfg = Release|Any CPU
		{6A02BA1C-41E7-4C45-BE64-75A317F45BAD}.Release|Any CPU.Build.0 = Release|Any CPU
		{6A02BA1C-41E7-4C45-BE64-75A317F45BAD}.Release|x64.ActiveCfg = Release|Any CPU
		{6A02BA1C-41E7-4C45-BE64-75A317F45BAD}.Release|x64.Build.0 = Release|Any CPU
		{6A02BA1C-41E7-4C45-BE64-75A317F45BAD}.Release|x86.ActiveCfg = Release|Any CPU
		{6A02BA1C-41E7-4C45-BE64-75A317F45BAD}.Release|x86.Build.0 = Release|Any CPU
		{02795DF4-02E5-45B4-B566-53DF4488B085}.Debug|Any CPU.ActiveCfg = Debug|Any CPU
		{02795DF4-02E5-45B4-B566-53DF4488B085}.Debug|Any CPU.Build.0 = Debug|Any CPU
		{02795DF4-02E5-45B4-B566-53DF4488B085}.Debug|x64.ActiveCfg = Debug|Any CPU
		{02795DF4-02E5-45B4-B566-53DF4488B085}.Debug|x64.Build.0 = Debug|Any CPU
		{02795DF4-02E5-45B4-B566-53DF4488B085}.Debug|x86.ActiveCfg = Debug|Any CPU
		{02795DF4-02E5-45B4-B566-53DF4488B085}.Debug|x86.Build.0 = Debug|Any CPU
		{02795DF4-02E5-45B4-B566-53DF4488B085}.Release|Any CPU.ActiveCfg = Release|Any CPU
		{02795DF4-02E5-45B4-B566-53DF4488B085}.Release|Any CPU.Build.0 = Release|Any CPU
		{02795DF4-02E5-45B4-B566-53DF4488B085}.Release|x64.ActiveCfg = Release|Any CPU
		{02795DF4-02E5-45B4-B566-53DF4488B085}.Release|x64.Build.0 = Release|Any CPU
		{02795DF4-02E5-45B4-B566-53DF4488B085}.Release|x86.ActiveCfg = Release|Any CPU
		{02795DF4-02E5-45B4-B566-53DF4488B085}.Release|x86.Build.0 = Release|Any CPU
	EndGlobalSection
	GlobalSection(SolutionProperties) = preSolution
		HideSolutionNode = FALSE
	EndGlobalSection
	GlobalSection(NestedProjects) = preSolution
		{20916FD1-23DD-49A0-AEC0-B4F629406E13} = {07DDA6E7-8596-7476-53AF-46C4C660F332}
		{E6FF4FD4-6BCF-44D8-9685-682C6F6F3300} = {07DDA6E7-8596-7476-53AF-46C4C660F332}
		{5C22DDD3-AD03-46CF-BCFC-66815F1CD3C6} = {07DDA6E7-8596-7476-53AF-46C4C660F332}
		{9A065331-B68F-4709-B0BE-C1F50648FD98} = {07DDA6E7-8596-7476-53AF-46C4C660F332}
		{3E8C2E69-46F9-4910-BB9B-D192645449C0} = {07DDA6E7-8596-7476-53AF-46C4C660F332}
		{A6D4C1C1-8B3C-4A91-B2E0-91F2DD2DE69F} = {07DDA6E7-8596-7476-53AF-46C4C660F332}
		{F8855E3D-D7A4-4DAC-99BE-5B570A6C3ADA} = {07DDA6E7-8596-7476-53AF-46C4C660F332}
		{AB7AF8F9-0DA2-4A04-B9A2-29287CBA41DE} = {07DDA6E7-8596-7476-53AF-46C4C660F332}
		{6A02BA1C-41E7-4C45-BE64-75A317F45BAD} = {07DDA6E7-8596-7476-53AF-46C4C660F332}
		{02795DF4-02E5-45B4-B566-53DF4488B085} = {07DDA6E7-8596-7476-53AF-46C4C660F332}
	EndGlobalSection
EndGlobal
